
Microsoft Visual Studio Solution File, Format Version 12.00
# Visual Studio Version 17
VisualStudioVersion = 17.8.34330.188
MinimumVisualStudioVersion = 10.0.40219.1
Project("{8BC9CEB8-8B4A-11D0-8D11-00A0C91BC942}") = "MasterMind2.0", "MasterMind2.0\MasterMind2.0.vcxproj", "{FA2BE749-00C3-460C-B61E-F12D664BBFA0}"
EndProject
Global
	GlobalSection(SolutionConfigurationPlatforms) = preSolution
		Debug|x64 = Debug|x64
		Debug|x86 = Debug|x86
		Release|x64 = Release|x64
		Release|x86 = Release|x86
	EndGlobalSection
	GlobalSection(ProjectConfigurationPlatforms) = postSolution
		{FA2BE749-00C3-460C-B61E-F12D664BBFA0}.Debug|x64.ActiveCfg = Debug|x64
		{FA2BE749-00C3-460C-B61E-F12D664BBFA0}.Debug|x64.Build.0 = Debug|x64
		{FA2BE749-00C3-460C-B61E-F12D664BBFA0}.Debug|x86.ActiveCfg = Debug|Win32
		{FA2BE749-00C3-460C-B61E-F12D664BBFA0}.Debug|x86.Build.0 = Debug|Win32
		{FA2BE749-00C3-460C-B61E-F12D664BBFA0}.Release|x64.ActiveCfg = Release|x64
		{FA2BE749-00C3-460C-B61E-F12D664BBFA0}.Release|x64.Build.0 = Release|x64
		{FA2BE749-00C3-460C-B61E-F12D664BBFA0}.Release|x86.ActiveCfg = Release|Win32
		{FA2BE749-00C3-460C-B61E-F12D664BBFA0}.Release|x86.Build.0 = Release|Win32
	EndGlobalSection
	GlobalSection(SolutionProperties) = preSolution
		HideSolutionNode = FALSE
	EndGlobalSection
	GlobalSection(ExtensibilityGlobals) = postSolution
		SolutionGuid = {17F1AFC0-FBFE-4FEC-97C7-9CB40ED70ADC}
	EndGlobalSection
EndGlobal
